// !$*UTF8*$!
{
	archiveVersion = 1;
	classes = {
	};
	objectVersion = 50;
	objects = {

/* Begin PBXBuildFile section */
		4905DB3A22E69DE10042337B /* AppDelegate.swift in Sources */ = {isa = PBXBuildFile; fileRef = 4905DB3922E69DE10042337B /* AppDelegate.swift */; };
		4905DB3C22E69DE10042337B /* ViewController.swift in Sources */ = {isa = PBXBuildFile; fileRef = 4905DB3B22E69DE10042337B /* ViewController.swift */; };
		4905DB3F22E69DE10042337B /* Main.storyboard in Resources */ = {isa = PBXBuildFile; fileRef = 4905DB3D22E69DE10042337B /* Main.storyboard */; };
		4905DB4122E69DE20042337B /* Assets.xcassets in Resources */ = {isa = PBXBuildFile; fileRef = 4905DB4022E69DE20042337B /* Assets.xcassets */; };
		4905DB4422E69DE20042337B /* LaunchScreen.storyboard in Resources */ = {isa = PBXBuildFile; fileRef = 4905DB4222E69DE20042337B /* LaunchScreen.storyboard */; };
		4905DB4C22E69E8A0042337B /* imageCollectionViewCell.swift in Sources */ = {isa = PBXBuildFile; fileRef = 4905DB4B22E69E8A0042337B /* imageCollectionViewCell.swift */; };
/* End PBXBuildFile section */

/* Begin PBXFileReference section */
		4905DB3622E69DE10042337B /* collectionViewTwo.app */ = {isa = PBXFileReference; explicitFileType = wrapper.application; includeInIndex = 0; path = collectionViewTwo.app; sourceTree = BUILT_PRODUCTS_DIR; };
		4905DB3922E69DE10042337B /* AppDelegate.swift */ = {isa = PBXFileReference; lastKnownFileType = sourcecode.swift; path = AppDelegate.swift; sourceTree = "<group>"; };
		4905DB3B22E69DE10042337B /* ViewController.swift */ = {isa = PBXFileReference; lastKnownFileType = sourcecode.swift; path = ViewController.swift; sourceTree = "<group>"; };
		4905DB3E22E69DE10042337B /* Base */ = {isa = PBXFileReference; lastKnownFileType = file.storyboard; name = Base; path = Base.lproj/Main.storyboard; sourceTree = "<group>"; };
		4905DB4022E69DE20042337B /* Assets.xcassets */ = {isa = PBXFileReference; lastKnownFileType = folder.assetcatalog; path = Assets.xcassets; sourceTree = "<group>"; };
		4905DB4322E69DE20042337B /* Base */ = {isa = PBXFileReference; lastKnownFileType = file.storyboard; name = Base; path = Base.lproj/LaunchScreen.storyboard; sourceTree = "<group>"; };
		4905DB4522E69DE20042337B /* Info.plist */ = {isa = PBXFileReference; lastKnownFileType = text.plist.xml; path = Info.plist; sourceTree = "<group>"; };
		4905DB4B22E69E8A0042337B /* imageCollectionViewCell.swift */ = {isa = PBXFileReference; lastKnownFileType = sourcecode.swift; path = imageCollectionViewCell.swift; sourceTree = "<group>"; };
/* End PBXFileReference section */

/* Begin PBXFrameworksBuildPhase section */
		4905DB3322E69DE10042337B /* Frameworks */ = {
			isa = PBXFrameworksBuildPhase;
			buildActionMask = 2147483647;
			files = (
			);
			runOnlyForDeploymentPostprocessing = 0;
		};
/* End PBXFrameworksBuildPhase section */

/* Begin PBXGroup section */
		4905DB2D22E69DE10042337B = {
			isa = PBXGroup;
			children = (
				4905DB3822E69DE10042337B /* collectionViewTwo */,
				4905DB3722E69DE10042337B /* Products */,
			);
			sourceTree = "<group>";
		};
		4905DB3722E69DE10042337B /* Products */ = {
			isa = PBXGroup;
			children = (
				4905DB3622E69DE10042337B /* collectionViewTwo.app */,
			);
			name = Products;
			sourceTree = "<group>";
		};
		4905DB3822E69DE10042337B /* collectionViewTwo */ = {
			isa = PBXGroup;
			children = (
				4905DB3922E69DE10042337B /* AppDelegate.swift */,
				4905DB3B22E69DE10042337B /* ViewController.swift */,
				4905DB3D22E69DE10042337B /* Main.storyboard */,
				4905DB4022E69DE20042337B /* Assets.xcassets */,
				4905DB4222E69DE20042337B /* LaunchScreen.storyboard */,
				4905DB4522E69DE20042337B /* Info.plist */,
				4905DB4B22E69E8A0042337B /* imageCollectionViewCell.swift */,
			);
			path = collectionViewTwo;
			sourceTree = "<group>";
		};
/* End PBXGroup section */

/* Begin PBXNativeTarget section */
		4905DB3522E69DE10042337B /* collectionViewTwo */ = {
			isa = PBXNativeTarget;
			buildConfigurationList = 4905DB4822E69DE20042337B /* Build configuration list for PBXNativeTarget "collectionViewTwo" */;
			buildPhases = (
				4905DB3222E69DE10042337B /* Sources */,
				4905DB3322E69DE10042337B /* Frameworks */,
				4905DB3422E69DE10042337B /* Resources */,
			);
			buildRules = (
			);
			dependencies = (
			);
			name = collectionViewTwo;
			productName = collectionViewTwo;
			productReference = 4905DB3622E69DE10042337B /* collectionViewTwo.app */;
			productType = "com.apple.product-type.application";
		};
/* End PBXNativeTarget section */

/* Begin PBXProject section */
		4905DB2E22E69DE10042337B /* Project object */ = {
			isa = PBXProject;
			attributes = {
				LastSwiftUpdateCheck = 1020;
				LastUpgradeCheck = 1020;
				ORGANIZATIONNAME = com.phani;
				TargetAttributes = {
					4905DB3522E69DE10042337B = {
						CreatedOnToolsVersion = 10.2;
					};
				};
			};
			buildConfigurationList = 4905DB3122E69DE10042337B /* Build configuration list for PBXProject "collectionViewTwo" */;
			compatibilityVersion = "Xcode 9.3";
			developmentRegion = en;
			hasScannedForEncodings = 0;
			knownRegions = (
				en,
				Base,
			);
			mainGroup = 4905DB2D22E69DE10042337B;
			productRefGroup = 4905DB3722E69DE10042337B /* Products */;
			projectDirPath = "";
			projectRoot = "";
			targets = (
				4905DB3522E69DE10042337B /* collectionViewTwo */,
			);
		};
/* End PBXProject section */

/* Begin PBXResourcesBuildPhase section */
		4905DB3422E69DE10042337B /* Resources */ = {
			isa = PBXResourcesBuildPhase;
			buildActionMask = 2147483647;
			files = (
				4905DB4422E69DE20042337B /* LaunchScreen.storyboard in Resources */,
				4905DB4122E69DE20042337B /* Assets.xcassets in Resources */,
				4905DB3F22E69DE10042337B /* Main.storyboard in Resources */,
			);
			runOnlyForDeploymentPostprocessing = 0;
		};
/* End PBXResourcesBuildPhase section */

/* Begin PBXSourcesBuildPhase section */
		4905DB3222E69DE10042337B /* Sources */ = {
			isa = PBXSourcesBuildPhase;
			buildActionMask = 2147483647;
			files = (
				4905DB3C22E69DE10042337B /* ViewController.swift in Sources */,
				4905DB3A22E69DE10042337B /* AppDelegate.swift in Sources */,
				4905DB4C22E69E8A0042337B /* imageCollectionViewCell.swift in Sources */,
			);
			runOnlyForDeploymentPostprocessing = 0;
		};
/* End PBXSourcesBuildPhase section */

/* Begin PBXVariantGroup section */
		4905DB3D22E69DE10042337B /* Main.storyboard */ = {
			isa = PBXVariantGroup;
			children = (
				4905DB3E22E69DE10042337B /* Base */,
			);
			name = Main.storyboard;
			sourceTree = "<group>";
		};
		4905DB4222E69DE20042337B /* LaunchScreen.storyboard */ = {
			isa = PBXVariantGroup;
			children = (
				4905DB4322E69DE20042337B /* Base */,
			);
			name = LaunchScreen.storyboard;
			sourceTree = "<group>";
		};
/* End PBXVariantGroup section */

/* Begin XCBuildConfiguration section */
		4905DB4622E69DE20042337B /* Debug */ = {
			isa = XCBuildConfiguration;
			buildSettings = {
				ALWAYS_SEARCH_USER_PATHS = NO;
				CLANG_ANALYZER_NONNULL = YES;
				CLANG_ANALYZER_NUMBER_OBJECT_CONVERSION = YES_AGGRESSIVE;
				CLANG_CXX_LANGUAGE_STANDARD = "gnu++14";
				CLANG_CXX_LIBRARY = "libc++";
				CLANG_ENABLE_MODULES = YES;
				CLANG_ENABLE_OBJC_ARC = YES;
				CLANG_ENABLE_OBJC_WEAK = YES;
				CLANG_WARN_BLOCK_CAPTURE_AUTORELEASING = YES;
				CLANG_WARN_BOOL_CONVERSION = YES;
				CLANG_WARN_COMMA = YES;
				CLANG_WARN_CONSTANT_CONVERSION = YES;
				CLANG_WARN_DEPRECATED_OBJC_IMPLEMENTATIONS = YES;
				CLANG_WARN_DIRECT_OBJC_ISA_USAGE = YES_ERROR;
				CLANG_WARN_DOCUMENTATION_COMMENTS = YES;
				CLANG_WARN_EMPTY_BODY = YES;
				CLANG_WARN_ENUM_CONVERSION = YES;
				CLANG_WARN_INFINITE_RECURSION = YES;
				CLANG_WARN_INT_CONVERSION = YES;
				CLANG_WARN_NON_LITERAL_NULL_CONVERSION = YES;
				CLANG_WARN_OBJC_IMPLICIT_RETAIN_SELF = YES;
				CLANG_WARN_OBJC_LITERAL_CONVERSION = YES;
				CLANG_WARN_OBJC_ROOT_CLASS = YES_ERROR;
				CLANG_WARN_RANGE_LOOP_ANALYSIS = YES;
				CLANG_WARN_STRICT_PROTOTYPES = YES;
				CLANG_WARN_SUSPICIOUS_MOVE = YES;
				CLANG_WARN_UNGUARDED_AVAILABILITY = YES_AGGRESSIVE;
				CLANG_WARN_UNREACHABLE_CODE = YES;
				CLANG_WARN__DUPLICATE_METHOD_MATCH = YES;
				CODE_SIGN_IDENTITY = "iPhone Developer";
				COPY_PHASE_STRIP = NO;
				DEBUG_INFORMATION_FORMAT = dwarf;
				ENABLE_STRICT_OBJC_MSGSEND = YES;
				ENABLE_TESTABILITY = YES;
				GCC_C_LANGUAGE_STANDARD = gnu11;
				GCC_DYNAMIC_NO_PIC = NO;
				GCC_NO_COMMON_BLOCKS = YES;
				GCC_OPTIMIZATION_LEVEL = 0;
				GCC_PREPROCESSOR_DEFINITIONS = (
					"DEBUG=1",
					"$(inherited)",
				);
				GCC_WARN_64_TO_32_BIT_CONVERSION = YES;
				GCC_WARN_ABOUT_RETURN_TYPE = YES_ERROR;
				GCC_WARN_UNDECLARED_SELECTOR = YES;
				GCC_WARN_UNINITIALIZED_AUTOS = YES_AGGRESSIVE;
				GCC_WARN_UNUSED_FUNCTION = YES;
				GCC_WARN_UNUSED_VARIABLE = YES;
				IPHONEOS_DEPLOYMENT_TARGET = 12.2;
				MTL_ENABLE_DEBUG_INFO = INCLUDE_SOURCE;
				MTL_FAST_MATH = YES;
				ONLY_ACTIVE_ARCH = YES;
				SDKROOT = iphoneos;
				SWIFT_ACTIVE_COMPILATION_CONDITIONS = DEBUG;
				SWIFT_OPTIMIZATION_LEVEL = "-Onone";
			};
			name = Debug;
		};
		4905DB4722E69DE20042337B /* Release */ = {
			isa = XCBuildConfiguration;
			buildSettings = {
				ALWAYS_SEARCH_USER_PATHS = NO;
				CLANG_ANALYZER_NONNULL = YES;
				CLANG_ANALYZER_NUMBER_OBJECT_CONVERSION = YES_AGGRESSIVE;
				CLANG_CXX_LANGUAGE_STANDARD = "gnu++14";
				CLANG_CXX_LIBRARY = "libc++";
				CLANG_ENABLE_MODULES = YES;
				CLANG_ENABLE_OBJC_ARC = YES;
				CLANG_ENABLE_OBJC_WEAK = YES;
				CLANG_WARN_BLOCK_CAPTURE_AUTORELEASING = YES;
				CLANG_WARN_BOOL_CONVERSION = YES;
				CLANG_WARN_COMMA = YES;
				CLANG_WARN_CONSTANT_CONVERSION = YES;
				CLANG_WARN_DEPRECATED_OBJC_IMPLEMENTATIONS = YES;
				CLANG_WARN_DIRECT_OBJC_ISA_USAGE = YES_ERROR;
				CLANG_WARN_DOCUMENTATION_COMMENTS = YES;
				CLANG_WARN_EMPTY_BODY = YES;
				CLANG_WARN_ENUM_CONVERSION = YES;
				CLANG_WARN_INFINITE_RECURSION = YES;
				CLANG_WARN_INT_CONVERSION = YES;
				CLANG_WARN_NON_LITERAL_NULL_CONVERSION = YES;
				CLANG_WARN_OBJC_IMPLICIT_RETAIN_SELF = YES;
				CLANG_WARN_OBJC_LITERAL_CONVERSION = YES;
				CLANG_WARN_OBJC_ROOT_CLASS = YES_ERROR;
				CLANG_WARN_RANGE_LOOP_ANALYSIS = YES;
				CLANG_WARN_STRICT_PROTOTYPES = YES;
				CLANG_WARN_SUSPICIOUS_MOVE = YES;
				CLANG_WARN_UNGUARDED_AVAILABILITY = YES_AGGRESSIVE;
				CLANG_WARN_UNREACHABLE_CODE = YES;
				CLANG_WARN__DUPLICATE_METHOD_MATCH = YES;
				CODE_SIGN_IDENTITY = "iPhone Developer";
				COPY_PHASE_STRIP = NO;
				DEBUG_INFORMATION_FORMAT = "dwarf-with-dsym";
				ENABLE_NS_ASSERTIONS = NO;
				ENABLE_STRICT_OBJC_MSGSEND = YES;
				GCC_C_LANGUAGE_STANDARD = gnu11;
				GCC_NO_COMMON_BLOCKS = YES;
				GCC_WARN_64_TO_32_BIT_CONVERSION = YES;
				GCC_WARN_ABOUT_RETURN_TYPE = YES_ERROR;
				GCC_WARN_UNDECLARED_SELECTOR = YES;
				GCC_WARN_UNINITIALIZED_AUTOS = YES_AGGRESSIVE;
				GCC_WARN_UNUSED_FUNCTION = YES;
				GCC_WARN_UNUSED_VARIABLE = YES;
				IPHONEOS_DEPLOYMENT_TARGET = 12.2;
				MTL_ENABLE_DEBUG_INFO = NO;
				MTL_FAST_MATH = YES;
				SDKROOT = iphoneos;
				SWIFT_COMPILATION_MODE = wholemodule;
				SWIFT_OPTIMIZATION_LEVEL = "-O";
				VALIDATE_PRODUCT = YES;
			};
			name = Release;
		};
		4905DB4922E69DE20042337B /* Debug */ = {
			isa = XCBuildConfiguration;
			buildSettings = {
				ASSETCATALOG_COMPILER_APPICON_NAME = AppIcon;
				CODE_SIGN_STYLE = Automatic;
				DEVELOPMENT_TEAM = FP7V2F7LFP;
				INFOPLIST_FILE = collectionViewTwo/Info.plist;
				LD_RUNPATH_SEARCH_PATHS = (
					"$(inherited)",
					"@executable_path/Frameworks",
				);
				PRODUCT_BUNDLE_IDENTIFIER = com.phani.collectionViewTwo;
				PRODUCT_NAME = "$(TARGET_NAME)";
				SWIFT_VERSION = 5.0;
				TARGETED_DEVICE_FAMILY = "1,2";
			};
			name = Debug;
		};
		4905DB4A22E69DE20042337B /* Release */ = {
			isa = XCBuildConfiguration;
			buildSettings = {
				ASSETCATALOG_COMPILER_APPICON_NAME = AppIcon;
				CODE_SIGN_STYLE = Automatic;
				DEVELOPMENT_TEAM = FP7V2F7LFP;
				INFOPLIST_FILE = collectionViewTwo/Info.plist;
				LD_RUNPATH_SEARCH_PATHS = (
					"$(inherited)",
					"@executable_path/Frameworks",
				);
				PRODUCT_BUNDLE_IDENTIFIER = com.phani.collectionViewTwo;
				PRODUCT_NAME = "$(TARGET_NAME)";
				SWIFT_VERSION = 5.0;
				TARGETED_DEVICE_FAMILY = "1,2";
			};
			name = Release;
		};
/* End XCBuildConfiguration section */

/* Begin XCConfigurationList section */
		4905DB3122E69DE10042337B /* Build configuration list for PBXProject "collectionViewTwo" */ = {
			isa = XCConfigurationList;
			buildConfigurations = (
				4905DB4622E69DE20042337B /* Debug */,
				4905DB4722E69DE20042337B /* Release */,
			);
			defaultConfigurationIsVisible = 0;
			defaultConfigurationName = Release;
		};
		4905DB4822E69DE20042337B /* Build configuration list for PBXNativeTarget "collectionViewTwo" */ = {
			isa = XCConfigurationList;
			buildConfigurations = (
				4905DB4922E69DE20042337B /* Debug */,
				4905DB4A22E69DE20042337B /* Release */,
			);
			defaultConfigurationIsVisible = 0;
			defaultConfigurationName = Release;
		};
/* End XCConfigurationList section */
	};
	rootObject = 4905DB2E22E69DE10042337B /* Project object */;
}
